
Microsoft Visual Studio Solution File, Format Version 12.00
# Visual Studio Version 16
VisualStudioVersion = 16.0.30804.86
MinimumVisualStudioVersion = 10.0.40219.1
Project("{FAE04EC0-301F-11D3-BF4B-00C04F79EFBC}") = "PhotoEditorSimple", "PhotoEditorSimple\PhotoEditorSimple.csproj", "{AC95DCB8-8493-4B71-83ED-F5CE3EEA5A80}"
EndProject
Global
	GlobalSection(SolutionConfigurationPlatforms) = preSolution
		Debug|Any CPU = Debug|Any CPU
		Release|Any CPU = Release|Any CPU
	EndGlobalSection
	GlobalSection(ProjectConfigurationPlatforms) = postSolution
		{AC95DCB8-8493-4B71-83ED-F5CE3EEA5A80}.Debug|Any CPU.ActiveCfg = Debug|Any CPU
		{AC95DCB8-8493-4B71-83ED-F5CE3EEA5A80}.Debug|Any CPU.Build.0 = Debug|Any CPU
		{AC95DCB8-8493-4B71-83ED-F5CE3EEA5A80}.Release|Any CPU.ActiveCfg = Release|Any CPU
		{AC95DCB8-8493-4B71-83ED-F5CE3EEA5A80}.Release|Any CPU.Build.0 = Release|Any CPU
	EndGlobalSection
	GlobalSection(SolutionProperties) = preSolution
		HideSolutionNode = FALSE
	EndGlobalSection
	GlobalSection(ExtensibilityGlobals) = postSolution
		SolutionGuid = {F7ABAD67-65D3-4BC1-8886-0DFBDFF8AAD6}
	EndGlobalSection
EndGlobal
